// !$*UTF8*$!
{
	archiveVersion = 1;
	classes = {
	};
	objectVersion = 55;
	objects = {

/* Begin PBXBuildFile section */
		2514C9F628DFA856008912E3 /* CodeScanner in Frameworks */ = {isa = PBXBuildFile; productRef = 2514C9F528DFA856008912E3 /* CodeScanner */; };
		2514C9F928DFAE34008912E3 /* GenerateQR.swift in Sources */ = {isa = PBXBuildFile; fileRef = 2514C9F828DFAE34008912E3 /* GenerateQR.swift */; };
		2514C9FC28DFB2AD008912E3 /* QRGenerateDetailView.swift in Sources */ = {isa = PBXBuildFile; fileRef = 2514C9FB28DFB2AD008912E3 /* QRGenerateDetailView.swift */; };
		2514CF5228DE34E1003C8B51 /* Sms.swift in Sources */ = {isa = PBXBuildFile; fileRef = 2514CF5128DE34E1003C8B51 /* Sms.swift */; };
		252E21D628E05BAB007D7900 /* PersonalCard.swift in Sources */ = {isa = PBXBuildFile; fileRef = 252E21D528E05BAB007D7900 /* PersonalCard.swift */; };
		252E21D828E06616007D7900 /* QRContents.swift in Sources */ = {isa = PBXBuildFile; fileRef = 252E21D728E06616007D7900 /* QRContents.swift */; };
		252E21DB28E233D6007D7900 /* QRScanDetailView.swift in Sources */ = {isa = PBXBuildFile; fileRef = 252E21DA28E233D6007D7900 /* QRScanDetailView.swift */; };
		252F418528D72BDA00CF4E66 /* QRScannerApp.swift in Sources */ = {isa = PBXBuildFile; fileRef = 252F418428D72BDA00CF4E66 /* QRScannerApp.swift */; };
		252F418728D72BDA00CF4E66 /* ContentView.swift in Sources */ = {isa = PBXBuildFile; fileRef = 252F418628D72BDA00CF4E66 /* ContentView.swift */; };
		252F418928D72BDD00CF4E66 /* Assets.xcassets in Resources */ = {isa = PBXBuildFile; fileRef = 252F418828D72BDD00CF4E66 /* Assets.xcassets */; };
		252F418C28D72BDD00CF4E66 /* Preview Assets.xcassets in Resources */ = {isa = PBXBuildFile; fileRef = 252F418B28D72BDD00CF4E66 /* Preview Assets.xcassets */; };
		252F419828D72F0C00CF4E66 /* Colors.xcassets in Resources */ = {isa = PBXBuildFile; fileRef = 252F419728D72F0C00CF4E66 /* Colors.xcassets */; };
		252F419A28D72F1F00CF4E66 /* Images.xcassets in Resources */ = {isa = PBXBuildFile; fileRef = 252F419928D72F1F00CF4E66 /* Images.xcassets */; };
		252F41A528D7301B00CF4E66 /* HistoryView.swift in Sources */ = {isa = PBXBuildFile; fileRef = 252F41A428D7301B00CF4E66 /* HistoryView.swift */; };
		252F41A828D7339100CF4E66 /* GenerateView.swift in Sources */ = {isa = PBXBuildFile; fileRef = 252F41A728D7339100CF4E66 /* GenerateView.swift */; };
		252F41AA28D7339A00CF4E66 /* ScannerView.swift in Sources */ = {isa = PBXBuildFile; fileRef = 252F41A928D7339A00CF4E66 /* ScannerView.swift */; };
		252F41AF28D73A5600CF4E66 /* TabWidget.swift in Sources */ = {isa = PBXBuildFile; fileRef = 252F41AE28D73A5500CF4E66 /* TabWidget.swift */; };
		252F41B428D7434200CF4E66 /* ViewRouter.swift in Sources */ = {isa = PBXBuildFile; fileRef = 252F41B328D7434200CF4E66 /* ViewRouter.swift */; };
		252F41B728D743A300CF4E66 /* Pages.swift in Sources */ = {isa = PBXBuildFile; fileRef = 252F41B628D743A300CF4E66 /* Pages.swift */; };
		252F41B928D7482C00CF4E66 /* TabBarIcon.swift in Sources */ = {isa = PBXBuildFile; fileRef = 252F41B828D7482C00CF4E66 /* TabBarIcon.swift */; };
		252F41BD28D74C5B00CF4E66 /* Localizable.strings in Resources */ = {isa = PBXBuildFile; fileRef = 252F41BF28D74C5B00CF4E66 /* Localizable.strings */; };
		252F41C328D771F800CF4E66 /* Colors.swift in Sources */ = {isa = PBXBuildFile; fileRef = 252F41C228D771F700CF4E66 /* Colors.swift */; };
		252F41C628D7739C00CF4E66 /* Localize_Swift in Frameworks */ = {isa = PBXBuildFile; productRef = 252F41C528D7739C00CF4E66 /* Localize_Swift */; };
		252F41CC28D7A68200CF4E66 /* CategoryProvider.swift in Sources */ = {isa = PBXBuildFile; fileRef = 252F41CB28D7A68200CF4E66 /* CategoryProvider.swift */; };
		252F41CE28D7A70000CF4E66 /* Category.swift in Sources */ = {isa = PBXBuildFile; fileRef = 252F41CD28D7A70000CF4E66 /* Category.swift */; };
		252FAF7928E34FCD0021902C /* ImageSaver.swift in Sources */ = {isa = PBXBuildFile; fileRef = 252FAF7828E34FCD0021902C /* ImageSaver.swift */; };
		252FAF7D28E38FE30021902C /* MainButton.swift in Sources */ = {isa = PBXBuildFile; fileRef = 252FAF7C28E38FE30021902C /* MainButton.swift */; };
		255CD85628D7B3170005232F /* CategoryView.swift in Sources */ = {isa = PBXBuildFile; fileRef = 255CD85528D7B3170005232F /* CategoryView.swift */; };
		255CD85828D7B4940005232F /* Icons.swift in Sources */ = {isa = PBXBuildFile; fileRef = 255CD85728D7B4940005232F /* Icons.swift */; };
		25D1DE5628DB919400C4DFC0 /* FormManager.swift in Sources */ = {isa = PBXBuildFile; fileRef = 25D1DE5328DB919400C4DFC0 /* FormManager.swift */; };
		25D1DE5728DB919400C4DFC0 /* FormItem.swift in Sources */ = {isa = PBXBuildFile; fileRef = 25D1DE5428DB919400C4DFC0 /* FormItem.swift */; };
		25D1DE5828DB919400C4DFC0 /* FormSection.swift in Sources */ = {isa = PBXBuildFile; fileRef = 25D1DE5528DB919400C4DFC0 /* FormSection.swift */; };
		25D1DE6228DB926E00C4DFC0 /* Forms.swift in Sources */ = {isa = PBXBuildFile; fileRef = 25D1DE6128DB926E00C4DFC0 /* Forms.swift */; };
		25D1DE6728DB92E000C4DFC0 /* FormManagerProtocol.swift in Sources */ = {isa = PBXBuildFile; fileRef = 25D1DE6628DB92E000C4DFC0 /* FormManagerProtocol.swift */; };
		25D1DE6A28DB936B00C4DFC0 /* FormView.swift in Sources */ = {isa = PBXBuildFile; fileRef = 25D1DE6928DB936B00C4DFC0 /* FormView.swift */; };
		25D1DE6D28DBB3E400C4DFC0 /* Email.swift in Sources */ = {isa = PBXBuildFile; fileRef = 25D1DE6C28DBB3E400C4DFC0 /* Email.swift */; };
		25D1DE6F28DBB3EE00C4DFC0 /* Spotify.swift in Sources */ = {isa = PBXBuildFile; fileRef = 25D1DE6E28DBB3EE00C4DFC0 /* Spotify.swift */; };
		25D1DE7128DBB3F700C4DFC0 /* Twitter.swift in Sources */ = {isa = PBXBuildFile; fileRef = 25D1DE7028DBB3F700C4DFC0 /* Twitter.swift */; };
		25D1DE7328DBB40500C4DFC0 /* Instagram.swift in Sources */ = {isa = PBXBuildFile; fileRef = 25D1DE7228DBB40500C4DFC0 /* Instagram.swift */; };
		25D1DE7528DBB85600C4DFC0 /* WhatsApp.swift in Sources */ = {isa = PBXBuildFile; fileRef = 25D1DE7428DBB85600C4DFC0 /* WhatsApp.swift */; };
		25D1DE7728DBBE7200C4DFC0 /* WebSite.swift in Sources */ = {isa = PBXBuildFile; fileRef = 25D1DE7628DBBE7200C4DFC0 /* WebSite.swift */; };
		25D1DE7A28DBC19900C4DFC0 /* Localize_Swift in Frameworks */ = {isa = PBXBuildFile; productRef = 25D1DE7928DBC19900C4DFC0 /* Localize_Swift */; };
		25D1DE7C28DCD13600C4DFC0 /* Youtube.swift in Sources */ = {isa = PBXBuildFile; fileRef = 25D1DE7B28DCD13600C4DFC0 /* Youtube.swift */; };
/* End PBXBuildFile section */

/* Begin PBXFileReference section */
		2514C9F828DFAE34008912E3 /* GenerateQR.swift */ = {isa = PBXFileReference; lastKnownFileType = sourcecode.swift; path = GenerateQR.swift; sourceTree = "<group>"; };
		2514C9FB28DFB2AD008912E3 /* QRGenerateDetailView.swift */ = {isa = PBXFileReference; lastKnownFileType = sourcecode.swift; path = QRGenerateDetailView.swift; sourceTree = "<group>"; };
		2514CF5128DE34E1003C8B51 /* Sms.swift */ = {isa = PBXFileReference; lastKnownFileType = sourcecode.swift; path = Sms.swift; sourceTree = "<group>"; };
		252E21D528E05BAB007D7900 /* PersonalCard.swift */ = {isa = PBXFileReference; lastKnownFileType = sourcecode.swift; path = PersonalCard.swift; sourceTree = "<group>"; };
		252E21D728E06616007D7900 /* QRContents.swift */ = {isa = PBXFileReference; lastKnownFileType = sourcecode.swift; path = QRContents.swift; sourceTree = "<group>"; };
		252E21DA28E233D6007D7900 /* QRScanDetailView.swift */ = {isa = PBXFileReference; lastKnownFileType = sourcecode.swift; path = QRScanDetailView.swift; sourceTree = "<group>"; };
		252F418128D72BD900CF4E66 /* QRScanner.app */ = {isa = PBXFileReference; explicitFileType = wrapper.application; includeInIndex = 0; path = QRScanner.app; sourceTree = BUILT_PRODUCTS_DIR; };
		252F418428D72BDA00CF4E66 /* QRScannerApp.swift */ = {isa = PBXFileReference; lastKnownFileType = sourcecode.swift; path = QRScannerApp.swift; sourceTree = "<group>"; };
		252F418628D72BDA00CF4E66 /* ContentView.swift */ = {isa = PBXFileReference; lastKnownFileType = sourcecode.swift; path = ContentView.swift; sourceTree = "<group>"; };
		252F418828D72BDD00CF4E66 /* Assets.xcassets */ = {isa = PBXFileReference; lastKnownFileType = folder.assetcatalog; path = Assets.xcassets; sourceTree = "<group>"; };
		252F418B28D72BDD00CF4E66 /* Preview Assets.xcassets */ = {isa = PBXFileReference; lastKnownFileType = folder.assetcatalog; path = "Preview Assets.xcassets"; sourceTree = "<group>"; };
		252F419728D72F0C00CF4E66 /* Colors.xcassets */ = {isa = PBXFileReference; lastKnownFileType = folder.assetcatalog; path = Colors.xcassets; sourceTree = "<group>"; };
		252F419928D72F1F00CF4E66 /* Images.xcassets */ = {isa = PBXFileReference; lastKnownFileType = folder.assetcatalog; path = Images.xcassets; sourceTree = "<group>"; };
		252F41A428D7301B00CF4E66 /* HistoryView.swift */ = {isa = PBXFileReference; lastKnownFileType = sourcecode.swift; path = HistoryView.swift; sourceTree = "<group>"; };
		252F41A728D7339100CF4E66 /* GenerateView.swift */ = {isa = PBXFileReference; lastKnownFileType = sourcecode.swift; path = GenerateView.swift; sourceTree = "<group>"; };
		252F41A928D7339A00CF4E66 /* ScannerView.swift */ = {isa = PBXFileReference; lastKnownFileType = sourcecode.swift; path = ScannerView.swift; sourceTree = "<group>"; };
		252F41AE28D73A5500CF4E66 /* TabWidget.swift */ = {isa = PBXFileReference; lastKnownFileType = sourcecode.swift; path = TabWidget.swift; sourceTree = "<group>"; };
		252F41B328D7434200CF4E66 /* ViewRouter.swift */ = {isa = PBXFileReference; lastKnownFileType = sourcecode.swift; path = ViewRouter.swift; sourceTree = "<group>"; };
		252F41B628D743A300CF4E66 /* Pages.swift */ = {isa = PBXFileReference; lastKnownFileType = sourcecode.swift; path = Pages.swift; sourceTree = "<group>"; };
		252F41B828D7482C00CF4E66 /* TabBarIcon.swift */ = {isa = PBXFileReference; lastKnownFileType = sourcecode.swift; path = TabBarIcon.swift; sourceTree = "<group>"; };
		252F41BE28D74C5B00CF4E66 /* en */ = {isa = PBXFileReference; lastKnownFileType = text.plist.strings; name = en; path = en.lproj/Localizable.strings; sourceTree = "<group>"; };
		252F41C028D74C8600CF4E66 /* tr */ = {isa = PBXFileReference; lastKnownFileType = text.plist.strings; name = tr; path = tr.lproj/Localizable.strings; sourceTree = "<group>"; };
		252F41C228D771F700CF4E66 /* Colors.swift */ = {isa = PBXFileReference; lastKnownFileType = sourcecode.swift; path = Colors.swift; sourceTree = "<group>"; };
		252F41CB28D7A68200CF4E66 /* CategoryProvider.swift */ = {isa = PBXFileReference; lastKnownFileType = sourcecode.swift; path = CategoryProvider.swift; sourceTree = "<group>"; };
		252F41CD28D7A70000CF4E66 /* Category.swift */ = {isa = PBXFileReference; lastKnownFileType = sourcecode.swift; path = Category.swift; sourceTree = "<group>"; };
		252FAF7628E34EB50021902C /* Info.plist */ = {isa = PBXFileReference; lastKnownFileType = text.plist; path = Info.plist; sourceTree = "<group>"; };
		252FAF7828E34FCD0021902C /* ImageSaver.swift */ = {isa = PBXFileReference; lastKnownFileType = sourcecode.swift; path = ImageSaver.swift; sourceTree = "<group>"; };
		252FAF7C28E38FE30021902C /* MainButton.swift */ = {isa = PBXFileReference; lastKnownFileType = sourcecode.swift; path = MainButton.swift; sourceTree = "<group>"; };
		255CD85528D7B3170005232F /* CategoryView.swift */ = {isa = PBXFileReference; lastKnownFileType = sourcecode.swift; path = CategoryView.swift; sourceTree = "<group>"; };
		255CD85728D7B4940005232F /* Icons.swift */ = {isa = PBXFileReference; lastKnownFileType = sourcecode.swift; path = Icons.swift; sourceTree = "<group>"; };
		25D1DE5328DB919400C4DFC0 /* FormManager.swift */ = {isa = PBXFileReference; fileEncoding = 4; lastKnownFileType = sourcecode.swift; path = FormManager.swift; sourceTree = "<group>"; };
		25D1DE5428DB919400C4DFC0 /* FormItem.swift */ = {isa = PBXFileReference; fileEncoding = 4; lastKnownFileType = sourcecode.swift; path = FormItem.swift; sourceTree = "<group>"; };
		25D1DE5528DB919400C4DFC0 /* FormSection.swift */ = {isa = PBXFileReference; fileEncoding = 4; lastKnownFileType = sourcecode.swift; path = FormSection.swift; sourceTree = "<group>"; };
		25D1DE6128DB926E00C4DFC0 /* Forms.swift */ = {isa = PBXFileReference; lastKnownFileType = sourcecode.swift; path = Forms.swift; sourceTree = "<group>"; };
		25D1DE6628DB92E000C4DFC0 /* FormManagerProtocol.swift */ = {isa = PBXFileReference; lastKnownFileType = sourcecode.swift; path = FormManagerProtocol.swift; sourceTree = "<group>"; };
		25D1DE6928DB936B00C4DFC0 /* FormView.swift */ = {isa = PBXFileReference; fileEncoding = 4; lastKnownFileType = sourcecode.swift; path = FormView.swift; sourceTree = "<group>"; };
		25D1DE6C28DBB3E400C4DFC0 /* Email.swift */ = {isa = PBXFileReference; lastKnownFileType = sourcecode.swift; path = Email.swift; sourceTree = "<group>"; };
		25D1DE6E28DBB3EE00C4DFC0 /* Spotify.swift */ = {isa = PBXFileReference; lastKnownFileType = sourcecode.swift; path = Spotify.swift; sourceTree = "<group>"; };
		25D1DE7028DBB3F700C4DFC0 /* Twitter.swift */ = {isa = PBXFileReference; lastKnownFileType = sourcecode.swift; path = Twitter.swift; sourceTree = "<group>"; };
		25D1DE7228DBB40500C4DFC0 /* Instagram.swift */ = {isa = PBXFileReference; lastKnownFileType = sourcecode.swift; path = Instagram.swift; sourceTree = "<group>"; };
		25D1DE7428DBB85600C4DFC0 /* WhatsApp.swift */ = {isa = PBXFileReference; lastKnownFileType = sourcecode.swift; path = WhatsApp.swift; sourceTree = "<group>"; };
		25D1DE7628DBBE7200C4DFC0 /* WebSite.swift */ = {isa = PBXFileReference; lastKnownFileType = sourcecode.swift; path = WebSite.swift; sourceTree = "<group>"; };
		25D1DE7B28DCD13600C4DFC0 /* Youtube.swift */ = {isa = PBXFileReference; lastKnownFileType = sourcecode.swift; path = Youtube.swift; sourceTree = "<group>"; };
/* End PBXFileReference section */

/* Begin PBXFrameworksBuildPhase section */
		252F417E28D72BD900CF4E66 /* Frameworks */ = {
			isa = PBXFrameworksBuildPhase;
			buildActionMask = 2147483647;
			files = (
				252F41C628D7739C00CF4E66 /* Localize_Swift in Frameworks */,
				25D1DE7A28DBC19900C4DFC0 /* Localize_Swift in Frameworks */,
				2514C9F628DFA856008912E3 /* CodeScanner in Frameworks */,
			);
			runOnlyForDeploymentPostprocessing = 0;
		};
/* End PBXFrameworksBuildPhase section */

/* Begin PBXGroup section */
		2514C9F728DFAE24008912E3 /* Functions */ = {
			isa = PBXGroup;
			children = (
				2514C9F828DFAE34008912E3 /* GenerateQR.swift */,
			);
			path = Functions;
			sourceTree = "<group>";
		};
		2514C9FA28DFB29B008912E3 /* QRGenerateDetail */ = {
			isa = PBXGroup;
			children = (
				2514C9FB28DFB2AD008912E3 /* QRGenerateDetailView.swift */,
			);
			path = QRGenerateDetail;
			sourceTree = "<group>";
		};
		252E21D928E23329007D7900 /* QRScanDetail */ = {
			isa = PBXGroup;
			children = (
				252E21DA28E233D6007D7900 /* QRScanDetailView.swift */,
			);
			path = QRScanDetail;
			sourceTree = "<group>";
		};
		252F417828D72BD900CF4E66 = {
			isa = PBXGroup;
			children = (
				252F418328D72BD900CF4E66 /* QRScanner */,
				252F418228D72BD900CF4E66 /* Products */,
			);
			sourceTree = "<group>";
		};
		252F418228D72BD900CF4E66 /* Products */ = {
			isa = PBXGroup;
			children = (
				252F418128D72BD900CF4E66 /* QRScanner.app */,
			);
			name = Products;
			sourceTree = "<group>";
		};
		252F418328D72BD900CF4E66 /* QRScanner */ = {
			isa = PBXGroup;
			children = (
				252FAF7628E34EB50021902C /* Info.plist */,
				252F419C28D72F3E00CF4E66 /* Product */,
				252F419228D72E7800CF4E66 /* Feature */,
				252F419328D72E8700CF4E66 /* Resources */,
				252F419528D72EB100CF4E66 /* Utils */,
				252F418428D72BDA00CF4E66 /* QRScannerApp.swift */,
				252F418628D72BDA00CF4E66 /* ContentView.swift */,
				252F418828D72BDD00CF4E66 /* Assets.xcassets */,
				252F418A28D72BDD00CF4E66 /* Preview Content */,
			);
			path = QRScanner;
			sourceTree = "<group>";
		};
		252F418A28D72BDD00CF4E66 /* Preview Content */ = {
			isa = PBXGroup;
			children = (
				252F418B28D72BDD00CF4E66 /* Preview Assets.xcassets */,
			);
			path = "Preview Content";
			sourceTree = "<group>";
		};
		252F419228D72E7800CF4E66 /* Feature */ = {
			isa = PBXGroup;
			children = (
				252E21D928E23329007D7900 /* QRScanDetail */,
				2514C9FA28DFB29B008912E3 /* QRGenerateDetail */,
				25D1DE6828DB936B00C4DFC0 /* Form */,
				2548705428D8D8820062A6CD /* Category */,
				252F41A328D72FFB00CF4E66 /* Scanner */,
				252F41A228D72FF100CF4E66 /* Generate */,
				252F41A128D72FEA00CF4E66 /* History */,
			);
			path = Feature;
			sourceTree = "<group>";
		};
		252F419328D72E8700CF4E66 /* Resources */ = {
			isa = PBXGroup;
			children = (
				252FAF7728E34FAD0021902C /* ImageSaver */,
				25D1DE6B28DBB3CA00C4DFC0 /* FormItems */,
				252F41CA28D7A64B00CF4E66 /* Categories */,
				252F41BA28D74A7300CF4E66 /* Localizable */,
				252F419628D72EF100CF4E66 /* Assets */,
			);
			path = Resources;
			sourceTree = "<group>";
		};
		252F419528D72EB100CF4E66 /* Utils */ = {
			isa = PBXGroup;
			children = (
				252FAF7A28E38FC70021902C /* Modifiers */,
				2514C9F728DFAE24008912E3 /* Functions */,
				25D1DE6328DB92B900C4DFC0 /* Protocols */,
				252F41C128D76F8400CF4E66 /* Extensions */,
				252F419D28D72F8900CF4E66 /* Enums */,
			);
			path = Utils;
			sourceTree = "<group>";
		};
		252F419628D72EF100CF4E66 /* Assets */ = {
			isa = PBXGroup;
			children = (
				252F419728D72F0C00CF4E66 /* Colors.xcassets */,
				252F419928D72F1F00CF4E66 /* Images.xcassets */,
			);
			path = Assets;
			sourceTree = "<group>";
		};
		252F419C28D72F3E00CF4E66 /* Product */ = {
			isa = PBXGroup;
			children = (
				252F41A628D7333300CF4E66 /* Widget */,
			);
			path = Product;
			sourceTree = "<group>";
		};
		252F419D28D72F8900CF4E66 /* Enums */ = {
			isa = PBXGroup;
			children = (
				252F41B628D743A300CF4E66 /* Pages.swift */,
				255CD85728D7B4940005232F /* Icons.swift */,
				252E21D728E06616007D7900 /* QRContents.swift */,
			);
			path = Enums;
			sourceTree = "<group>";
		};
		252F41A128D72FEA00CF4E66 /* History */ = {
			isa = PBXGroup;
			children = (
				252F41A428D7301B00CF4E66 /* HistoryView.swift */,
			);
			path = History;
			sourceTree = "<group>";
		};
		252F41A228D72FF100CF4E66 /* Generate */ = {
			isa = PBXGroup;
			children = (
				252F41A728D7339100CF4E66 /* GenerateView.swift */,
			);
			path = Generate;
			sourceTree = "<group>";
		};
		252F41A328D72FFB00CF4E66 /* Scanner */ = {
			isa = PBXGroup;
			children = (
				252F41A928D7339A00CF4E66 /* ScannerView.swift */,
			);
			path = Scanner;
			sourceTree = "<group>";
		};
		252F41A628D7333300CF4E66 /* Widget */ = {
			isa = PBXGroup;
			children = (
				25D1DE5228DB919400C4DFC0 /* Form */,
				252F41AB28D7342100CF4E66 /* Tab */,
			);
			path = Widget;
			sourceTree = "<group>";
		};
		252F41AB28D7342100CF4E66 /* Tab */ = {
			isa = PBXGroup;
			children = (
				252F41AE28D73A5500CF4E66 /* TabWidget.swift */,
				252F41B328D7434200CF4E66 /* ViewRouter.swift */,
				252F41B828D7482C00CF4E66 /* TabBarIcon.swift */,
			);
			path = Tab;
			sourceTree = "<group>";
		};
		252F41BA28D74A7300CF4E66 /* Localizable */ = {
			isa = PBXGroup;
			children = (
				252F41BF28D74C5B00CF4E66 /* Localizable.strings */,
			);
			path = Localizable;
			sourceTree = "<group>";
		};
		252F41C128D76F8400CF4E66 /* Extensions */ = {
			isa = PBXGroup;
			children = (
				252F41C228D771F700CF4E66 /* Colors.swift */,
				25D1DE6128DB926E00C4DFC0 /* Forms.swift */,
			);
			path = Extensions;
			sourceTree = "<group>";
		};
		252F41CA28D7A64B00CF4E66 /* Categories */ = {
			isa = PBXGroup;
			children = (
				252F41CB28D7A68200CF4E66 /* CategoryProvider.swift */,
				252F41CD28D7A70000CF4E66 /* Category.swift */,
			);
			path = Categories;
			sourceTree = "<group>";
		};
		252FAF7728E34FAD0021902C /* ImageSaver */ = {
			isa = PBXGroup;
			children = (
				252FAF7828E34FCD0021902C /* ImageSaver.swift */,
			);
			path = ImageSaver;
			sourceTree = "<group>";
		};
		252FAF7A28E38FC70021902C /* Modifiers */ = {
			isa = PBXGroup;
			children = (
				252FAF7B28E38FD50021902C /* Buttons */,
			);
			path = Modifiers;
			sourceTree = "<group>";
		};
		252FAF7B28E38FD50021902C /* Buttons */ = {
			isa = PBXGroup;
			children = (
				252FAF7C28E38FE30021902C /* MainButton.swift */,
			);
			path = Buttons;
			sourceTree = "<group>";
		};
		2548705428D8D8820062A6CD /* Category */ = {
			isa = PBXGroup;
			children = (
				255CD85528D7B3170005232F /* CategoryView.swift */,
			);
			path = Category;
			sourceTree = "<group>";
		};
		25D1DE5228DB919400C4DFC0 /* Form */ = {
			isa = PBXGroup;
			children = (
				25D1DE5328DB919400C4DFC0 /* FormManager.swift */,
				25D1DE5428DB919400C4DFC0 /* FormItem.swift */,
				25D1DE5528DB919400C4DFC0 /* FormSection.swift */,
			);
			path = Form;
			sourceTree = "<group>";
		};
		25D1DE6328DB92B900C4DFC0 /* Protocols */ = {
			isa = PBXGroup;
			children = (
				25D1DE6628DB92E000C4DFC0 /* FormManagerProtocol.swift */,
			);
			path = Protocols;
			sourceTree = "<group>";
		};
		25D1DE6828DB936B00C4DFC0 /* Form */ = {
			isa = PBXGroup;
			children = (
				25D1DE6928DB936B00C4DFC0 /* FormView.swift */,
			);
			path = Form;
			sourceTree = "<group>";
		};
		25D1DE6B28DBB3CA00C4DFC0 /* FormItems */ = {
			isa = PBXGroup;
			children = (
				25D1DE6C28DBB3E400C4DFC0 /* Email.swift */,
				25D1DE6E28DBB3EE00C4DFC0 /* Spotify.swift */,
				25D1DE7028DBB3F700C4DFC0 /* Twitter.swift */,
				25D1DE7228DBB40500C4DFC0 /* Instagram.swift */,
				25D1DE7428DBB85600C4DFC0 /* WhatsApp.swift */,
				25D1DE7628DBBE7200C4DFC0 /* WebSite.swift */,
				25D1DE7B28DCD13600C4DFC0 /* Youtube.swift */,
				2514CF5128DE34E1003C8B51 /* Sms.swift */,
				252E21D528E05BAB007D7900 /* PersonalCard.swift */,
			);
			path = FormItems;
			sourceTree = "<group>";
		};
/* End PBXGroup section */

/* Begin PBXNativeTarget section */
		252F418028D72BD900CF4E66 /* QRScanner */ = {
			isa = PBXNativeTarget;
			buildConfigurationList = 252F418F28D72BDD00CF4E66 /* Build configuration list for PBXNativeTarget "QRScanner" */;
			buildPhases = (
				252F417D28D72BD900CF4E66 /* Sources */,
				252F417E28D72BD900CF4E66 /* Frameworks */,
				252F417F28D72BD900CF4E66 /* Resources */,
			);
			buildRules = (
			);
			dependencies = (
			);
			name = QRScanner;
			packageProductDependencies = (
				252F41C528D7739C00CF4E66 /* Localize_Swift */,
				25D1DE7928DBC19900C4DFC0 /* Localize_Swift */,
				2514C9F528DFA856008912E3 /* CodeScanner */,
			);
			productName = QRScanner;
			productReference = 252F418128D72BD900CF4E66 /* QRScanner.app */;
			productType = "com.apple.product-type.application";
		};
/* End PBXNativeTarget section */

/* Begin PBXProject section */
		252F417928D72BD900CF4E66 /* Project object */ = {
			isa = PBXProject;
			attributes = {
				BuildIndependentTargetsInParallel = 1;
				LastSwiftUpdateCheck = 1340;
				LastUpgradeCheck = 1340;
				TargetAttributes = {
					252F418028D72BD900CF4E66 = {
						CreatedOnToolsVersion = 13.4.1;
					};
				};
			};
			buildConfigurationList = 252F417C28D72BD900CF4E66 /* Build configuration list for PBXProject "QRScanner" */;
			compatibilityVersion = "Xcode 13.0";
			developmentRegion = en;
			hasScannedForEncodings = 0;
			knownRegions = (
				en,
				Base,
				tr,
			);
			mainGroup = 252F417828D72BD900CF4E66;
			packageReferences = (
				252F41C428D7739C00CF4E66 /* XCRemoteSwiftPackageReference "Localize-Swift" */,
				25D1DE7828DBC19900C4DFC0 /* XCRemoteSwiftPackageReference "Localize-Swift" */,
				2514C9F428DFA856008912E3 /* XCRemoteSwiftPackageReference "CodeScanner" */,
			);
			productRefGroup = 252F418228D72BD900CF4E66 /* Products */;
			projectDirPath = "";
			projectRoot = "";
			targets = (
				252F418028D72BD900CF4E66 /* QRScanner */,
			);
		};
/* End PBXProject section */

/* Begin PBXResourcesBuildPhase section */
		252F417F28D72BD900CF4E66 /* Resources */ = {
			isa = PBXResourcesBuildPhase;
			buildActionMask = 2147483647;
			files = (
				252F41BD28D74C5B00CF4E66 /* Localizable.strings in Resources */,
				252F419828D72F0C00CF4E66 /* Colors.xcassets in Resources */,
				252F419A28D72F1F00CF4E66 /* Images.xcassets in Resources */,
				252F418C28D72BDD00CF4E66 /* Preview Assets.xcassets in Resources */,
				252F418928D72BDD00CF4E66 /* Assets.xcassets in Resources */,
			);
			runOnlyForDeploymentPostprocessing = 0;
		};
/* End PBXResourcesBuildPhase section */

/* Begin PBXSourcesBuildPhase section */
		252F417D28D72BD900CF4E66 /* Sources */ = {
			isa = PBXSourcesBuildPhase;
			buildActionMask = 2147483647;
			files = (
				252E21D628E05BAB007D7900 /* PersonalCard.swift in Sources */,
				2514C9FC28DFB2AD008912E3 /* QRGenerateDetailView.swift in Sources */,
				25D1DE7C28DCD13600C4DFC0 /* Youtube.swift in Sources */,
				252FAF7928E34FCD0021902C /* ImageSaver.swift in Sources */,
				25D1DE5828DB919400C4DFC0 /* FormSection.swift in Sources */,
				255CD85828D7B4940005232F /* Icons.swift in Sources */,
				25D1DE5628DB919400C4DFC0 /* FormManager.swift in Sources */,
				252F41AF28D73A5600CF4E66 /* TabWidget.swift in Sources */,
				252F41C328D771F800CF4E66 /* Colors.swift in Sources */,
				252FAF7D28E38FE30021902C /* MainButton.swift in Sources */,
				25D1DE6228DB926E00C4DFC0 /* Forms.swift in Sources */,
				252F418728D72BDA00CF4E66 /* ContentView.swift in Sources */,
				252F41A528D7301B00CF4E66 /* HistoryView.swift in Sources */,
				2514C9F928DFAE34008912E3 /* GenerateQR.swift in Sources */,
				25D1DE6D28DBB3E400C4DFC0 /* Email.swift in Sources */,
				25D1DE7128DBB3F700C4DFC0 /* Twitter.swift in Sources */,
				252F41AA28D7339A00CF4E66 /* ScannerView.swift in Sources */,
				252F41CC28D7A68200CF4E66 /* CategoryProvider.swift in Sources */,
				252F41A828D7339100CF4E66 /* GenerateView.swift in Sources */,
				25D1DE6728DB92E000C4DFC0 /* FormManagerProtocol.swift in Sources */,
				25D1DE6A28DB936B00C4DFC0 /* FormView.swift in Sources */,
				25D1DE7728DBBE7200C4DFC0 /* WebSite.swift in Sources */,
				255CD85628D7B3170005232F /* CategoryView.swift in Sources */,
				25D1DE7328DBB40500C4DFC0 /* Instagram.swift in Sources */,
				252F41B928D7482C00CF4E66 /* TabBarIcon.swift in Sources */,
				25D1DE7528DBB85600C4DFC0 /* WhatsApp.swift in Sources */,
				252F41CE28D7A70000CF4E66 /* Category.swift in Sources */,
				252E21D828E06616007D7900 /* QRContents.swift in Sources */,
				25D1DE5728DB919400C4DFC0 /* FormItem.swift in Sources */,
				2514CF5228DE34E1003C8B51 /* Sms.swift in Sources */,
				252F41B728D743A300CF4E66 /* Pages.swift in Sources */,
				252F418528D72BDA00CF4E66 /* QRScannerApp.swift in Sources */,
				252E21DB28E233D6007D7900 /* QRScanDetailView.swift in Sources */,
				25D1DE6F28DBB3EE00C4DFC0 /* Spotify.swift in Sources */,
				252F41B428D7434200CF4E66 /* ViewRouter.swift in Sources */,
			);
			runOnlyForDeploymentPostprocessing = 0;
		};
/* End PBXSourcesBuildPhase section */

/* Begin PBXVariantGroup section */
		252F41BF28D74C5B00CF4E66 /* Localizable.strings */ = {
			isa = PBXVariantGroup;
			children = (
				252F41BE28D74C5B00CF4E66 /* en */,
				252F41C028D74C8600CF4E66 /* tr */,
			);
			name = Localizable.strings;
			sourceTree = "<group>";
		};
/* End PBXVariantGroup section */

/* Begin XCBuildConfiguration section */
		252F418D28D72BDD00CF4E66 /* Debug */ = {
			isa = XCBuildConfiguration;
			buildSettings = {
				ALWAYS_SEARCH_USER_PATHS = NO;
				CLANG_ANALYZER_LOCALIZABILITY_NONLOCALIZED = YES;
				CLANG_ANALYZER_NONNULL = YES;
				CLANG_ANALYZER_NUMBER_OBJECT_CONVERSION = YES_AGGRESSIVE;
				CLANG_CXX_LANGUAGE_STANDARD = "gnu++17";
				CLANG_ENABLE_MODULES = YES;
				CLANG_ENABLE_OBJC_ARC = YES;
				CLANG_ENABLE_OBJC_WEAK = YES;
				CLANG_WARN_BLOCK_CAPTURE_AUTORELEASING = YES;
				CLANG_WARN_BOOL_CONVERSION = YES;
				CLANG_WARN_COMMA = YES;
				CLANG_WARN_CONSTANT_CONVERSION = YES;
				CLANG_WARN_DEPRECATED_OBJC_IMPLEMENTATIONS = YES;
				CLANG_WARN_DIRECT_OBJC_ISA_USAGE = YES_ERROR;
				CLANG_WARN_DOCUMENTATION_COMMENTS = YES;
				CLANG_WARN_EMPTY_BODY = YES;
				CLANG_WARN_ENUM_CONVERSION = YES;
				CLANG_WARN_INFINITE_RECURSION = YES;
				CLANG_WARN_INT_CONVERSION = YES;
				CLANG_WARN_NON_LITERAL_NULL_CONVERSION = YES;
				CLANG_WARN_OBJC_IMPLICIT_RETAIN_SELF = YES;
				CLANG_WARN_OBJC_LITERAL_CONVERSION = YES;
				CLANG_WARN_OBJC_ROOT_CLASS = YES_ERROR;
				CLANG_WARN_QUOTED_INCLUDE_IN_FRAMEWORK_HEADER = YES;
				CLANG_WARN_RANGE_LOOP_ANALYSIS = YES;
				CLANG_WARN_STRICT_PROTOTYPES = YES;
				CLANG_WARN_SUSPICIOUS_MOVE = YES;
				CLANG_WARN_UNGUARDED_AVAILABILITY = YES_AGGRESSIVE;
				CLANG_WARN_UNREACHABLE_CODE = YES;
				CLANG_WARN__DUPLICATE_METHOD_MATCH = YES;
				COPY_PHASE_STRIP = NO;
				DEBUG_INFORMATION_FORMAT = dwarf;
				ENABLE_STRICT_OBJC_MSGSEND = YES;
				ENABLE_TESTABILITY = YES;
				GCC_C_LANGUAGE_STANDARD = gnu11;
				GCC_DYNAMIC_NO_PIC = NO;
				GCC_NO_COMMON_BLOCKS = YES;
				GCC_OPTIMIZATION_LEVEL = 0;
				GCC_PREPROCESSOR_DEFINITIONS = (
					"DEBUG=1",
					"$(inherited)",
				);
				GCC_WARN_64_TO_32_BIT_CONVERSION = YES;
				GCC_WARN_ABOUT_RETURN_TYPE = YES_ERROR;
				GCC_WARN_UNDECLARED_SELECTOR = YES;
				GCC_WARN_UNINITIALIZED_AUTOS = YES_AGGRESSIVE;
				GCC_WARN_UNUSED_FUNCTION = YES;
				GCC_WARN_UNUSED_VARIABLE = YES;
				IPHONEOS_DEPLOYMENT_TARGET = 15.5;
				MTL_ENABLE_DEBUG_INFO = INCLUDE_SOURCE;
				MTL_FAST_MATH = YES;
				ONLY_ACTIVE_ARCH = YES;
				SDKROOT = iphoneos;
				SWIFT_ACTIVE_COMPILATION_CONDITIONS = DEBUG;
				SWIFT_OPTIMIZATION_LEVEL = "-Onone";
			};
			name = Debug;
		};
		252F418E28D72BDD00CF4E66 /* Release */ = {
			isa = XCBuildConfiguration;
			buildSettings = {
				ALWAYS_SEARCH_USER_PATHS = NO;
				CLANG_ANALYZER_LOCALIZABILITY_NONLOCALIZED = YES;
				CLANG_ANALYZER_NONNULL = YES;
				CLANG_ANALYZER_NUMBER_OBJECT_CONVERSION = YES_AGGRESSIVE;
				CLANG_CXX_LANGUAGE_STANDARD = "gnu++17";
				CLANG_ENABLE_MODULES = YES;
				CLANG_ENABLE_OBJC_ARC = YES;
				CLANG_ENABLE_OBJC_WEAK = YES;
				CLANG_WARN_BLOCK_CAPTURE_AUTORELEASING = YES;
				CLANG_WARN_BOOL_CONVERSION = YES;
				CLANG_WARN_COMMA = YES;
				CLANG_WARN_CONSTANT_CONVERSION = YES;
				CLANG_WARN_DEPRECATED_OBJC_IMPLEMENTATIONS = YES;
				CLANG_WARN_DIRECT_OBJC_ISA_USAGE = YES_ERROR;
				CLANG_WARN_DOCUMENTATION_COMMENTS = YES;
				CLANG_WARN_EMPTY_BODY = YES;
				CLANG_WARN_ENUM_CONVERSION = YES;
				CLANG_WARN_INFINITE_RECURSION = YES;
				CLANG_WARN_INT_CONVERSION = YES;
				CLANG_WARN_NON_LITERAL_NULL_CONVERSION = YES;
				CLANG_WARN_OBJC_IMPLICIT_RETAIN_SELF = YES;
				CLANG_WARN_OBJC_LITERAL_CONVERSION = YES;
				CLANG_WARN_OBJC_ROOT_CLASS = YES_ERROR;
				CLANG_WARN_QUOTED_INCLUDE_IN_FRAMEWORK_HEADER = YES;
				CLANG_WARN_RANGE_LOOP_ANALYSIS = YES;
				CLANG_WARN_STRICT_PROTOTYPES = YES;
				CLANG_WARN_SUSPICIOUS_MOVE = YES;
				CLANG_WARN_UNGUARDED_AVAILABILITY = YES_AGGRESSIVE;
				CLANG_WARN_UNREACHABLE_CODE = YES;
				CLANG_WARN__DUPLICATE_METHOD_MATCH = YES;
				COPY_PHASE_STRIP = NO;
				DEBUG_INFORMATION_FORMAT = "dwarf-with-dsym";
				ENABLE_NS_ASSERTIONS = NO;
				ENABLE_STRICT_OBJC_MSGSEND = YES;
				GCC_C_LANGUAGE_STANDARD = gnu11;
				GCC_NO_COMMON_BLOCKS = YES;
				GCC_WARN_64_TO_32_BIT_CONVERSION = YES;
				GCC_WARN_ABOUT_RETURN_TYPE = YES_ERROR;
				GCC_WARN_UNDECLARED_SELECTOR = YES;
				GCC_WARN_UNINITIALIZED_AUTOS = YES_AGGRESSIVE;
				GCC_WARN_UNUSED_FUNCTION = YES;
				GCC_WARN_UNUSED_VARIABLE = YES;
				IPHONEOS_DEPLOYMENT_TARGET = 15.5;
				MTL_ENABLE_DEBUG_INFO = NO;
				MTL_FAST_MATH = YES;
				SDKROOT = iphoneos;
				SWIFT_COMPILATION_MODE = wholemodule;
				SWIFT_OPTIMIZATION_LEVEL = "-O";
				VALIDATE_PRODUCT = YES;
			};
			name = Release;
		};
		252F419028D72BDD00CF4E66 /* Debug */ = {
			isa = XCBuildConfiguration;
			buildSettings = {
				ASSETCATALOG_COMPILER_APPICON_NAME = AppIcon;
				ASSETCATALOG_COMPILER_GLOBAL_ACCENT_COLOR_NAME = AccentColor;
				CODE_SIGN_STYLE = Automatic;
				CURRENT_PROJECT_VERSION = 1;
				DEVELOPMENT_ASSET_PATHS = "\"QRScanner/Preview Content\"";
				DEVELOPMENT_TEAM = AL39J4ZF3R;
				ENABLE_PREVIEWS = YES;
				GENERATE_INFOPLIST_FILE = YES;
				INFOPLIST_FILE = QRScanner/Info.plist;
				INFOPLIST_KEY_NSCameraUsageDescription = "We need to scan QR Codes.";
				INFOPLIST_KEY_NSPhotoLibraryAddUsageDescription = "We want to save your QR Code .";
				INFOPLIST_KEY_UIApplicationSceneManifest_Generation = YES;
				INFOPLIST_KEY_UIApplicationSupportsIndirectInputEvents = YES;
				INFOPLIST_KEY_UILaunchScreen_Generation = YES;
				INFOPLIST_KEY_UISupportedInterfaceOrientations_iPad = "UIInterfaceOrientationPortrait UIInterfaceOrientationPortraitUpsideDown UIInterfaceOrientationLandscapeLeft UIInterfaceOrientationLandscapeRight";
				INFOPLIST_KEY_UISupportedInterfaceOrientations_iPhone = "UIInterfaceOrientationPortrait UIInterfaceOrientationLandscapeLeft UIInterfaceOrientationLandscapeRight";
				LD_RUNPATH_SEARCH_PATHS = (
					"$(inherited)",
					"@executable_path/Frameworks",
				);
				MARKETING_VERSION = 1.0;
				PRODUCT_BUNDLE_IDENTIFIER = com.samet.QRScanner;
				PRODUCT_NAME = "$(TARGET_NAME)";
				SWIFT_EMIT_LOC_STRINGS = YES;
				SWIFT_VERSION = 5.0;
				TARGETED_DEVICE_FAMILY = "1,2";
			};
			name = Debug;
		};
		252F419128D72BDD00CF4E66 /* Release */ = {
			isa = XCBuildConfiguration;
			buildSettings = {
				ASSETCATALOG_COMPILER_APPICON_NAME = AppIcon;
				ASSETCATALOG_COMPILER_GLOBAL_ACCENT_COLOR_NAME = AccentColor;
				CODE_SIGN_STYLE = Automatic;
				CURRENT_PROJECT_VERSION = 1;
				DEVELOPMENT_ASSET_PATHS = "\"QRScanner/Preview Content\"";
				DEVELOPMENT_TEAM = AL39J4ZF3R;
				ENABLE_PREVIEWS = YES;
				GENERATE_INFOPLIST_FILE = YES;
				INFOPLIST_FILE = QRScanner/Info.plist;
				INFOPLIST_KEY_NSCameraUsageDescription = "We need to scan QR Codes.";
				INFOPLIST_KEY_NSPhotoLibraryAddUsageDescription = "We want to save your QR Code .";
				INFOPLIST_KEY_UIApplicationSceneManifest_Generation = YES;
				INFOPLIST_KEY_UIApplicationSupportsIndirectInputEvents = YES;
				INFOPLIST_KEY_UILaunchScreen_Generation = YES;
				INFOPLIST_KEY_UISupportedInterfaceOrientations_iPad = "UIInterfaceOrientationPortrait UIInterfaceOrientationPortraitUpsideDown UIInterfaceOrientationLandscapeLeft UIInterfaceOrientationLandscapeRight";
				INFOPLIST_KEY_UISupportedInterfaceOrientations_iPhone = "UIInterfaceOrientationPortrait UIInterfaceOrientationLandscapeLeft UIInterfaceOrientationLandscapeRight";
				LD_RUNPATH_SEARCH_PATHS = (
					"$(inherited)",
					"@executable_path/Frameworks",
				);
				MARKETING_VERSION = 1.0;
				PRODUCT_BUNDLE_IDENTIFIER = com.samet.QRScanner;
				PRODUCT_NAME = "$(TARGET_NAME)";
				SWIFT_EMIT_LOC_STRINGS = YES;
				SWIFT_VERSION = 5.0;
				TARGETED_DEVICE_FAMILY = "1,2";
			};
			name = Release;
		};
/* End XCBuildConfiguration section */

/* Begin XCConfigurationList section */
		252F417C28D72BD900CF4E66 /* Build configuration list for PBXProject "QRScanner" */ = {
			isa = XCConfigurationList;
			buildConfigurations = (
				252F418D28D72BDD00CF4E66 /* Debug */,
				252F418E28D72BDD00CF4E66 /* Release */,
			);
			defaultConfigurationIsVisible = 0;
			defaultConfigurationName = Release;
		};
		252F418F28D72BDD00CF4E66 /* Build configuration list for PBXNativeTarget "QRScanner" */ = {
			isa = XCConfigurationList;
			buildConfigurations = (
				252F419028D72BDD00CF4E66 /* Debug */,
				252F419128D72BDD00CF4E66 /* Release */,
			);
			defaultConfigurationIsVisible = 0;
			defaultConfigurationName = Release;
		};
/* End XCConfigurationList section */

/* Begin XCRemoteSwiftPackageReference section */
		2514C9F428DFA856008912E3 /* XCRemoteSwiftPackageReference "CodeScanner" */ = {
			isa = XCRemoteSwiftPackageReference;
			repositoryURL = "https://github.com/twostraws/CodeScanner";
			requirement = {
				kind = upToNextMajorVersion;
				minimumVersion = 2.0.0;
			};
		};
		252F41C428D7739C00CF4E66 /* XCRemoteSwiftPackageReference "Localize-Swift" */ = {
			isa = XCRemoteSwiftPackageReference;
			repositoryURL = "https://github.com/marmelroy/Localize-Swift";
			requirement = {
				kind = upToNextMajorVersion;
				minimumVersion = 3.0.0;
			};
		};
		25D1DE7828DBC19900C4DFC0 /* XCRemoteSwiftPackageReference "Localize-Swift" */ = {
			isa = XCRemoteSwiftPackageReference;
			repositoryURL = "https://github.com/marmelroy/Localize-Swift";
			requirement = {
				kind = upToNextMajorVersion;
				minimumVersion = 3.0.0;
			};
		};
/* End XCRemoteSwiftPackageReference section */

/* Begin XCSwiftPackageProductDependency section */
		2514C9F528DFA856008912E3 /* CodeScanner */ = {
			isa = XCSwiftPackageProductDependency;
			package = 2514C9F428DFA856008912E3 /* XCRemoteSwiftPackageReference "CodeScanner" */;
			productName = CodeScanner;
		};
		252F41C528D7739C00CF4E66 /* Localize_Swift */ = {
			isa = XCSwiftPackageProductDependency;
			package = 252F41C428D7739C00CF4E66 /* XCRemoteSwiftPackageReference "Localize-Swift" */;
			productName = Localize_Swift;
		};
		25D1DE7928DBC19900C4DFC0 /* Localize_Swift */ = {
			isa = XCSwiftPackageProductDependency;
			package = 252F41C428D7739C00CF4E66 /* XCRemoteSwiftPackageReference "Localize-Swift" */;
			productName = Localize_Swift;
		};
/* End XCSwiftPackageProductDependency section */
	};
	rootObject = 252F417928D72BD900CF4E66 /* Project object */;
}
